
Microsoft Visual Studio Solution File, Format Version 12.00
# Visual Studio Version 16
VisualStudioVersion = 16.0.29609.76
MinimumVisualStudioVersion = 10.0.40219.1
Project("{FAE04EC0-301F-11D3-BF4B-00C04F79EFBC}") = "Alna_atranka_uzduotis_1", "Alna_atranka_uzduotis_1\Alna_atranka_uzduotis_1.csproj", "{6E3720AE-E762-46F4-9A58-FD308413B2D3}"
EndProject
Project("{FAE04EC0-301F-11D3-BF4B-00C04F79EFBC}") = "Alna_atranka_uzduotis_1.test", "Alna_atranka_uzduotis_1.test\Alna_atranka_uzduotis_1.test.csproj", "{CE611FB9-F55B-4236-8666-8B541925B0C9}"
EndProject
Global
	GlobalSection(SolutionConfigurationPlatforms) = preSolution
		Debug|Any CPU = Debug|Any CPU
		Release|Any CPU = Release|Any CPU
	EndGlobalSection
	GlobalSection(ProjectConfigurationPlatforms) = postSolution
		{6E3720AE-E762-46F4-9A58-FD308413B2D3}.Debug|Any CPU.ActiveCfg = Debug|Any CPU
		{6E3720AE-E762-46F4-9A58-FD308413B2D3}.Debug|Any CPU.Build.0 = Debug|Any CPU
		{6E3720AE-E762-46F4-9A58-FD308413B2D3}.Release|Any CPU.ActiveCfg = Release|Any CPU
		{6E3720AE-E762-46F4-9A58-FD308413B2D3}.Release|Any CPU.Build.0 = Release|Any CPU
		{CE611FB9-F55B-4236-8666-8B541925B0C9}.Debug|Any CPU.ActiveCfg = Debug|Any CPU
		{CE611FB9-F55B-4236-8666-8B541925B0C9}.Debug|Any CPU.Build.0 = Debug|Any CPU
		{CE611FB9-F55B-4236-8666-8B541925B0C9}.Release|Any CPU.ActiveCfg = Release|Any CPU
		{CE611FB9-F55B-4236-8666-8B541925B0C9}.Release|Any CPU.Build.0 = Release|Any CPU
	EndGlobalSection
	GlobalSection(SolutionProperties) = preSolution
		HideSolutionNode = FALSE
	EndGlobalSection
	GlobalSection(ExtensibilityGlobals) = postSolution
		SolutionGuid = {20A9B1F6-785C-4B55-85A1-CB4CB035C09A}
	EndGlobalSection
EndGlobal
